// !$*UTF8*$!
{
	archiveVersion = 1;
	classes = {
	};
	objectVersion = 56;
	objects = {

/* Begin PBXBuildFile section */
		597D847729195F780016366C /* demoApp.swift in Sources */ = {isa = PBXBuildFile; fileRef = 597D847629195F780016366C /* demoApp.swift */; };
		597D847929195F780016366C /* ContentView.swift in Sources */ = {isa = PBXBuildFile; fileRef = 597D847829195F780016366C /* ContentView.swift */; };
		597D847B29195F790016366C /* Assets.xcassets in Resources */ = {isa = PBXBuildFile; fileRef = 597D847A29195F790016366C /* Assets.xcassets */; };
		597D847E29195F790016366C /* Preview Assets.xcassets in Resources */ = {isa = PBXBuildFile; fileRef = 597D847D29195F790016366C /* Preview Assets.xcassets */; };
		597D848829195F790016366C /* demoTests.swift in Sources */ = {isa = PBXBuildFile; fileRef = 597D848729195F790016366C /* demoTests.swift */; };
		597D849229195F790016366C /* demoUITests.swift in Sources */ = {isa = PBXBuildFile; fileRef = 597D849129195F790016366C /* demoUITests.swift */; };
		597D849429195F790016366C /* demoUITestsLaunchTests.swift in Sources */ = {isa = PBXBuildFile; fileRef = 597D849329195F790016366C /* demoUITestsLaunchTests.swift */; };
		E32331DF9FAA308439FFE8DE /* HomeView.swift in Sources */ = {isa = PBXBuildFile; fileRef = E3233BDD4C3D6DED4181CEBF /* HomeView.swift */; };
		E3233245163B9E50DE2B390E /* ugc.swift in Sources */ = {isa = PBXBuildFile; fileRef = E3233496DB4B08FAD19DD1F1 /* ugc.swift */; };
		E32332D1CFE6C86E8AD6C16F /* WebImage.swift in Sources */ = {isa = PBXBuildFile; fileRef = E3233C31794EA1B1D89054EE /* WebImage.swift */; };
		E32339138760EDDB9B78D247 /* package.json in Resources */ = {isa = PBXBuildFile; fileRef = E3233243375B2CE884979896 /* package.json */; };
		E3233B50F0B6B0445AC2F48D /* ugc.proto in Sources */ = {isa = PBXBuildFile; fileRef = E3233F0437D41D663618E81C /* ugc.proto */; };
		E3233C6D4FD7A2652504D5A7 /* UgcView.swift in Sources */ = {isa = PBXBuildFile; fileRef = E3233503BA3C221FB0C0AA06 /* UgcView.swift */; };
		E3233FA2C784CB0215DB5B17 /* user.swift in Sources */ = {isa = PBXBuildFile; fileRef = E323333CC442E85C91FB899A /* user.swift */; };
/* End PBXBuildFile section */

/* Begin PBXContainerItemProxy section */
		597D848429195F790016366C /* PBXContainerItemProxy */ = {
			isa = PBXContainerItemProxy;
			containerPortal = 597D846B29195F780016366C /* Project object */;
			proxyType = 1;
			remoteGlobalIDString = 597D847229195F780016366C;
			remoteInfo = demo;
		};
		597D848E29195F790016366C /* PBXContainerItemProxy */ = {
			isa = PBXContainerItemProxy;
			containerPortal = 597D846B29195F780016366C /* Project object */;
			proxyType = 1;
			remoteGlobalIDString = 597D847229195F780016366C;
			remoteInfo = demo;
		};
/* End PBXContainerItemProxy section */

/* Begin PBXFileReference section */
		597D847329195F780016366C /* demo.app */ = {isa = PBXFileReference; explicitFileType = wrapper.application; includeInIndex = 0; path = demo.app; sourceTree = BUILT_PRODUCTS_DIR; };
		597D847629195F780016366C /* demoApp.swift */ = {isa = PBXFileReference; lastKnownFileType = sourcecode.swift; path = demoApp.swift; sourceTree = "<group>"; };
		597D847829195F780016366C /* ContentView.swift */ = {isa = PBXFileReference; lastKnownFileType = sourcecode.swift; path = ContentView.swift; sourceTree = "<group>"; };
		597D847A29195F790016366C /* Assets.xcassets */ = {isa = PBXFileReference; lastKnownFileType = folder.assetcatalog; path = Assets.xcassets; sourceTree = "<group>"; };
		597D847D29195F790016366C /* Preview Assets.xcassets */ = {isa = PBXFileReference; lastKnownFileType = folder.assetcatalog; path = "Preview Assets.xcassets"; sourceTree = "<group>"; };
		597D848329195F790016366C /* demoTests.xctest */ = {isa = PBXFileReference; explicitFileType = wrapper.cfbundle; includeInIndex = 0; path = demoTests.xctest; sourceTree = BUILT_PRODUCTS_DIR; };
		597D848729195F790016366C /* demoTests.swift */ = {isa = PBXFileReference; lastKnownFileType = sourcecode.swift; path = demoTests.swift; sourceTree = "<group>"; };
		597D848D29195F790016366C /* demoUITests.xctest */ = {isa = PBXFileReference; explicitFileType = wrapper.cfbundle; includeInIndex = 0; path = demoUITests.xctest; sourceTree = BUILT_PRODUCTS_DIR; };
		597D849129195F790016366C /* demoUITests.swift */ = {isa = PBXFileReference; lastKnownFileType = sourcecode.swift; path = demoUITests.swift; sourceTree = "<group>"; };
		597D849329195F790016366C /* demoUITestsLaunchTests.swift */ = {isa = PBXFileReference; lastKnownFileType = sourcecode.swift; path = demoUITestsLaunchTests.swift; sourceTree = "<group>"; };
		E3233243375B2CE884979896 /* package.json */ = {isa = PBXFileReference; fileEncoding = 4; lastKnownFileType = text.json; path = package.json; sourceTree = "<group>"; };
		E323333CC442E85C91FB899A /* user.swift */ = {isa = PBXFileReference; fileEncoding = 4; lastKnownFileType = sourcecode.swift; path = user.swift; sourceTree = "<group>"; };
		E3233496DB4B08FAD19DD1F1 /* ugc.swift */ = {isa = PBXFileReference; fileEncoding = 4; lastKnownFileType = sourcecode.swift; path = ugc.swift; sourceTree = "<group>"; };
		E3233503BA3C221FB0C0AA06 /* UgcView.swift */ = {isa = PBXFileReference; fileEncoding = 4; lastKnownFileType = sourcecode.swift; path = UgcView.swift; sourceTree = "<group>"; };
		E3233BDD4C3D6DED4181CEBF /* HomeView.swift */ = {isa = PBXFileReference; fileEncoding = 4; lastKnownFileType = sourcecode.swift; path = HomeView.swift; sourceTree = "<group>"; };
		E3233C31794EA1B1D89054EE /* WebImage.swift */ = {isa = PBXFileReference; fileEncoding = 4; lastKnownFileType = sourcecode.swift; path = WebImage.swift; sourceTree = "<group>"; };
		E3233F0437D41D663618E81C /* ugc.proto */ = {isa = PBXFileReference; fileEncoding = 4; lastKnownFileType = sourcecode.protobuf; path = ugc.proto; sourceTree = "<group>"; };
/* End PBXFileReference section */

/* Begin PBXFrameworksBuildPhase section */
		597D847029195F780016366C /* Frameworks */ = {
			isa = PBXFrameworksBuildPhase;
			buildActionMask = 2147483647;
			files = (
			);
			runOnlyForDeploymentPostprocessing = 0;
		};
		597D848029195F790016366C /* Frameworks */ = {
			isa = PBXFrameworksBuildPhase;
			buildActionMask = 2147483647;
			files = (
			);
			runOnlyForDeploymentPostprocessing = 0;
		};
		597D848A29195F790016366C /* Frameworks */ = {
			isa = PBXFrameworksBuildPhase;
			buildActionMask = 2147483647;
			files = (
			);
			runOnlyForDeploymentPostprocessing = 0;
		};
/* End PBXFrameworksBuildPhase section */

/* Begin PBXGroup section */
		597D846A29195F780016366C = {
			isa = PBXGroup;
			children = (
				597D847529195F780016366C /* demo */,
				597D848629195F790016366C /* demoTests */,
				597D849029195F790016366C /* demoUITests */,
				597D847429195F780016366C /* Products */,
				E3233DF0E04203B6F922B7BB /* idl */,
			);
			sourceTree = "<group>";
		};
		597D847429195F780016366C /* Products */ = {
			isa = PBXGroup;
			children = (
				597D847329195F780016366C /* demo.app */,
				597D848329195F790016366C /* demoTests.xctest */,
				597D848D29195F790016366C /* demoUITests.xctest */,
			);
			name = Products;
			sourceTree = "<group>";
		};
		597D847529195F780016366C /* demo */ = {
			isa = PBXGroup;
			children = (
				597D847629195F780016366C /* demoApp.swift */,
				597D847829195F780016366C /* ContentView.swift */,
				597D847A29195F790016366C /* Assets.xcassets */,
				597D847C29195F790016366C /* Preview Content */,
				E32335FF22E6F821EDCE50AF /* view */,
				E3233BF2ABE8D04A67F7E3E7 /* data */,
				E3233243375B2CE884979896 /* package.json */,
			);
			path = demo;
			sourceTree = "<group>";
		};
		597D847C29195F790016366C /* Preview Content */ = {
			isa = PBXGroup;
			children = (
				597D847D29195F790016366C /* Preview Assets.xcassets */,
			);
			path = "Preview Content";
			sourceTree = "<group>";
		};
		597D848629195F790016366C /* demoTests */ = {
			isa = PBXGroup;
			children = (
				597D848729195F790016366C /* demoTests.swift */,
			);
			path = demoTests;
			sourceTree = "<group>";
		};
		597D849029195F790016366C /* demoUITests */ = {
			isa = PBXGroup;
			children = (
				597D849129195F790016366C /* demoUITests.swift */,
				597D849329195F790016366C /* demoUITestsLaunchTests.swift */,
			);
			path = demoUITests;
			sourceTree = "<group>";
		};
		E32335FF22E6F821EDCE50AF /* view */ = {
			isa = PBXGroup;
			children = (
				E3233BDD4C3D6DED4181CEBF /* HomeView.swift */,
				E3233503BA3C221FB0C0AA06 /* UgcView.swift */,
				E3233C31794EA1B1D89054EE /* WebImage.swift */,
			);
			path = view;
			sourceTree = "<group>";
		};
		E3233BF2ABE8D04A67F7E3E7 /* data */ = {
			isa = PBXGroup;
			children = (
				E3233496DB4B08FAD19DD1F1 /* ugc.swift */,
				E323333CC442E85C91FB899A /* user.swift */,
			);
			path = data;
			sourceTree = "<group>";
		};
		E3233DF0E04203B6F922B7BB /* idl */ = {
			isa = PBXGroup;
			children = (
				E3233F0437D41D663618E81C /* ugc.proto */,
			);
			path = idl;
			sourceTree = "<group>";
		};
/* End PBXGroup section */

/* Begin PBXNativeTarget section */
		597D847229195F780016366C /* demo */ = {
			isa = PBXNativeTarget;
			buildConfigurationList = 597D849729195F790016366C /* Build configuration list for PBXNativeTarget "demo" */;
			buildPhases = (
				597D846F29195F780016366C /* Sources */,
				597D847029195F780016366C /* Frameworks */,
				597D847129195F780016366C /* Resources */,
			);
			buildRules = (
			);
			dependencies = (
			);
			name = demo;
			productName = demo;
			productReference = 597D847329195F780016366C /* demo.app */;
			productType = "com.apple.product-type.application";
		};
		597D848229195F790016366C /* demoTests */ = {
			isa = PBXNativeTarget;
			buildConfigurationList = 597D849A29195F790016366C /* Build configuration list for PBXNativeTarget "demoTests" */;
			buildPhases = (
				597D847F29195F790016366C /* Sources */,
				597D848029195F790016366C /* Frameworks */,
				597D848129195F790016366C /* Resources */,
			);
			buildRules = (
			);
			dependencies = (
				597D848529195F790016366C /* PBXTargetDependency */,
			);
			name = demoTests;
			productName = demoTests;
			productReference = 597D848329195F790016366C /* demoTests.xctest */;
			productType = "com.apple.product-type.bundle.unit-test";
		};
		597D848C29195F790016366C /* demoUITests */ = {
			isa = PBXNativeTarget;
			buildConfigurationList = 597D849D29195F790016366C /* Build configuration list for PBXNativeTarget "demoUITests" */;
			buildPhases = (
				597D848929195F790016366C /* Sources */,
				597D848A29195F790016366C /* Frameworks */,
				597D848B29195F790016366C /* Resources */,
			);
			buildRules = (
			);
			dependencies = (
				597D848F29195F790016366C /* PBXTargetDependency */,
			);
			name = demoUITests;
			productName = demoUITests;
			productReference = 597D848D29195F790016366C /* demoUITests.xctest */;
			productType = "com.apple.product-type.bundle.ui-testing";
		};
/* End PBXNativeTarget section */

/* Begin PBXProject section */
		597D846B29195F780016366C /* Project object */ = {
			isa = PBXProject;
			attributes = {
				BuildIndependentTargetsInParallel = 1;
				LastSwiftUpdateCheck = 1400;
				LastUpgradeCheck = 1400;
				TargetAttributes = {
					597D847229195F780016366C = {
						CreatedOnToolsVersion = 14.0.1;
					};
					597D848229195F790016366C = {
						CreatedOnToolsVersion = 14.0.1;
						TestTargetID = 597D847229195F780016366C;
					};
					597D848C29195F790016366C = {
						CreatedOnToolsVersion = 14.0.1;
						TestTargetID = 597D847229195F780016366C;
					};
				};
			};
			buildConfigurationList = 597D846E29195F780016366C /* Build configuration list for PBXProject "demo" */;
			compatibilityVersion = "Xcode 14.0";
			developmentRegion = en;
			hasScannedForEncodings = 0;
			knownRegions = (
				en,
				Base,
			);
			mainGroup = 597D846A29195F780016366C;
			productRefGroup = 597D847429195F780016366C /* Products */;
			projectDirPath = "";
			projectRoot = "";
			targets = (
				597D847229195F780016366C /* demo */,
				597D848229195F790016366C /* demoTests */,
				597D848C29195F790016366C /* demoUITests */,
			);
		};
/* End PBXProject section */

/* Begin PBXResourcesBuildPhase section */
		597D847129195F780016366C /* Resources */ = {
			isa = PBXResourcesBuildPhase;
			buildActionMask = 2147483647;
			files = (
				597D847E29195F790016366C /* Preview Assets.xcassets in Resources */,
				597D847B29195F790016366C /* Assets.xcassets in Resources */,
				E32339138760EDDB9B78D247 /* package.json in Resources */,
			);
			runOnlyForDeploymentPostprocessing = 0;
		};
		597D848129195F790016366C /* Resources */ = {
			isa = PBXResourcesBuildPhase;
			buildActionMask = 2147483647;
			files = (
			);
			runOnlyForDeploymentPostprocessing = 0;
		};
		597D848B29195F790016366C /* Resources */ = {
			isa = PBXResourcesBuildPhase;
			buildActionMask = 2147483647;
			files = (
			);
			runOnlyForDeploymentPostprocessing = 0;
		};
/* End PBXResourcesBuildPhase section */

/* Begin PBXSourcesBuildPhase section */
		597D846F29195F780016366C /* Sources */ = {
			isa = PBXSourcesBuildPhase;
			buildActionMask = 2147483647;
			files = (
				597D847929195F780016366C /* ContentView.swift in Sources */,
				597D847729195F780016366C /* demoApp.swift in Sources */,
				E3233245163B9E50DE2B390E /* ugc.swift in Sources */,
				E3233FA2C784CB0215DB5B17 /* user.swift in Sources */,
				E32331DF9FAA308439FFE8DE /* HomeView.swift in Sources */,
				E3233C6D4FD7A2652504D5A7 /* UgcView.swift in Sources */,
				E32332D1CFE6C86E8AD6C16F /* WebImage.swift in Sources */,
				E3233B50F0B6B0445AC2F48D /* ugc.proto in Sources */,
			);
			runOnlyForDeploymentPostprocessing = 0;
		};
		597D847F29195F790016366C /* Sources */ = {
			isa = PBXSourcesBuildPhase;
			buildActionMask = 2147483647;
			files = (
				597D848829195F790016366C /* demoTests.swift in Sources */,
			);
			runOnlyForDeploymentPostprocessing = 0;
		};
		597D848929195F790016366C /* Sources */ = {
			isa = PBXSourcesBuildPhase;
			buildActionMask = 2147483647;
			files = (
				597D849229195F790016366C /* demoUITests.swift in Sources */,
				597D849429195F790016366C /* demoUITestsLaunchTests.swift in Sources */,
			);
			runOnlyForDeploymentPostprocessing = 0;
		};
/* End PBXSourcesBuildPhase section */

/* Begin PBXTargetDependency section */
		597D848529195F790016366C /* PBXTargetDependency */ = {
			isa = PBXTargetDependency;
			target = 597D847229195F780016366C /* demo */;
			targetProxy = 597D848429195F790016366C /* PBXContainerItemProxy */;
		};
		597D848F29195F790016366C /* PBXTargetDependency */ = {
			isa = PBXTargetDependency;
			target = 597D847229195F780016366C /* demo */;
			targetProxy = 597D848E29195F790016366C /* PBXContainerItemProxy */;
		};
/* End PBXTargetDependency section */

/* Begin XCBuildConfiguration section */
		597D849529195F790016366C /* Debug */ = {
			isa = XCBuildConfiguration;
			buildSettings = {
				ALWAYS_SEARCH_USER_PATHS = NO;
				CLANG_ANALYZER_NONNULL = YES;
				CLANG_ANALYZER_NUMBER_OBJECT_CONVERSION = YES_AGGRESSIVE;
				CLANG_CXX_LANGUAGE_STANDARD = "gnu++20";
				CLANG_ENABLE_MODULES = YES;
				CLANG_ENABLE_OBJC_ARC = YES;
				CLANG_ENABLE_OBJC_WEAK = YES;
				CLANG_WARN_BLOCK_CAPTURE_AUTORELEASING = YES;
				CLANG_WARN_BOOL_CONVERSION = YES;
				CLANG_WARN_COMMA = YES;
				CLANG_WARN_CONSTANT_CONVERSION = YES;
				CLANG_WARN_DEPRECATED_OBJC_IMPLEMENTATIONS = YES;
				CLANG_WARN_DIRECT_OBJC_ISA_USAGE = YES_ERROR;
				CLANG_WARN_DOCUMENTATION_COMMENTS = YES;
				CLANG_WARN_EMPTY_BODY = YES;
				CLANG_WARN_ENUM_CONVERSION = YES;
				CLANG_WARN_INFINITE_RECURSION = YES;
				CLANG_WARN_INT_CONVERSION = YES;
				CLANG_WARN_NON_LITERAL_NULL_CONVERSION = YES;
				CLANG_WARN_OBJC_IMPLICIT_RETAIN_SELF = YES;
				CLANG_WARN_OBJC_LITERAL_CONVERSION = YES;
				CLANG_WARN_OBJC_ROOT_CLASS = YES_ERROR;
				CLANG_WARN_QUOTED_INCLUDE_IN_FRAMEWORK_HEADER = YES;
				CLANG_WARN_RANGE_LOOP_ANALYSIS = YES;
				CLANG_WARN_STRICT_PROTOTYPES = YES;
				CLANG_WARN_SUSPICIOUS_MOVE = YES;
				CLANG_WARN_UNGUARDED_AVAILABILITY = YES_AGGRESSIVE;
				CLANG_WARN_UNREACHABLE_CODE = YES;
				CLANG_WARN__DUPLICATE_METHOD_MATCH = YES;
				COPY_PHASE_STRIP = NO;
				DEBUG_INFORMATION_FORMAT = dwarf;
				ENABLE_STRICT_OBJC_MSGSEND = YES;
				ENABLE_TESTABILITY = YES;
				GCC_C_LANGUAGE_STANDARD = gnu11;
				GCC_DYNAMIC_NO_PIC = NO;
				GCC_NO_COMMON_BLOCKS = YES;
				GCC_OPTIMIZATION_LEVEL = 0;
				GCC_PREPROCESSOR_DEFINITIONS = (
					"DEBUG=1",
					"$(inherited)",
				);
				GCC_WARN_64_TO_32_BIT_CONVERSION = YES;
				GCC_WARN_ABOUT_RETURN_TYPE = YES_ERROR;
				GCC_WARN_UNDECLARED_SELECTOR = YES;
				GCC_WARN_UNINITIALIZED_AUTOS = YES_AGGRESSIVE;
				GCC_WARN_UNUSED_FUNCTION = YES;
				GCC_WARN_UNUSED_VARIABLE = YES;
				IPHONEOS_DEPLOYMENT_TARGET = 16.0;
				MTL_ENABLE_DEBUG_INFO = INCLUDE_SOURCE;
				MTL_FAST_MATH = YES;
				ONLY_ACTIVE_ARCH = YES;
				SDKROOT = iphoneos;
				SWIFT_ACTIVE_COMPILATION_CONDITIONS = DEBUG;
				SWIFT_OPTIMIZATION_LEVEL = "-Onone";
			};
			name = Debug;
		};
		597D849629195F790016366C /* Release */ = {
			isa = XCBuildConfiguration;
			buildSettings = {
				ALWAYS_SEARCH_USER_PATHS = NO;
				CLANG_ANALYZER_NONNULL = YES;
				CLANG_ANALYZER_NUMBER_OBJECT_CONVERSION = YES_AGGRESSIVE;
				CLANG_CXX_LANGUAGE_STANDARD = "gnu++20";
				CLANG_ENABLE_MODULES = YES;
				CLANG_ENABLE_OBJC_ARC = YES;
				CLANG_ENABLE_OBJC_WEAK = YES;
				CLANG_WARN_BLOCK_CAPTURE_AUTORELEASING = YES;
				CLANG_WARN_BOOL_CONVERSION = YES;
				CLANG_WARN_COMMA = YES;
				CLANG_WARN_CONSTANT_CONVERSION = YES;
				CLANG_WARN_DEPRECATED_OBJC_IMPLEMENTATIONS = YES;
				CLANG_WARN_DIRECT_OBJC_ISA_USAGE = YES_ERROR;
				CLANG_WARN_DOCUMENTATION_COMMENTS = YES;
				CLANG_WARN_EMPTY_BODY = YES;
				CLANG_WARN_ENUM_CONVERSION = YES;
				CLANG_WARN_INFINITE_RECURSION = YES;
				CLANG_WARN_INT_CONVERSION = YES;
				CLANG_WARN_NON_LITERAL_NULL_CONVERSION = YES;
				CLANG_WARN_OBJC_IMPLICIT_RETAIN_SELF = YES;
				CLANG_WARN_OBJC_LITERAL_CONVERSION = YES;
				CLANG_WARN_OBJC_ROOT_CLASS = YES_ERROR;
				CLANG_WARN_QUOTED_INCLUDE_IN_FRAMEWORK_HEADER = YES;
				CLANG_WARN_RANGE_LOOP_ANALYSIS = YES;
				CLANG_WARN_STRICT_PROTOTYPES = YES;
				CLANG_WARN_SUSPICIOUS_MOVE = YES;
				CLANG_WARN_UNGUARDED_AVAILABILITY = YES_AGGRESSIVE;
				CLANG_WARN_UNREACHABLE_CODE = YES;
				CLANG_WARN__DUPLICATE_METHOD_MATCH = YES;
				COPY_PHASE_STRIP = NO;
				DEBUG_INFORMATION_FORMAT = "dwarf-with-dsym";
				ENABLE_NS_ASSERTIONS = NO;
				ENABLE_STRICT_OBJC_MSGSEND = YES;
				GCC_C_LANGUAGE_STANDARD = gnu11;
				GCC_NO_COMMON_BLOCKS = YES;
				GCC_WARN_64_TO_32_BIT_CONVERSION = YES;
				GCC_WARN_ABOUT_RETURN_TYPE = YES_ERROR;
				GCC_WARN_UNDECLARED_SELECTOR = YES;
				GCC_WARN_UNINITIALIZED_AUTOS = YES_AGGRESSIVE;
				GCC_WARN_UNUSED_FUNCTION = YES;
				GCC_WARN_UNUSED_VARIABLE = YES;
				IPHONEOS_DEPLOYMENT_TARGET = 16.0;
				MTL_ENABLE_DEBUG_INFO = NO;
				MTL_FAST_MATH = YES;
				SDKROOT = iphoneos;
				SWIFT_COMPILATION_MODE = wholemodule;
				SWIFT_OPTIMIZATION_LEVEL = "-O";
				VALIDATE_PRODUCT = YES;
			};
			name = Release;
		};
		597D849829195F790016366C /* Debug */ = {
			isa = XCBuildConfiguration;
			buildSettings = {
				ASSETCATALOG_COMPILER_APPICON_NAME = AppIcon;
				ASSETCATALOG_COMPILER_GLOBAL_ACCENT_COLOR_NAME = AccentColor;
				CODE_SIGN_STYLE = Automatic;
				CURRENT_PROJECT_VERSION = 1;
				DEVELOPMENT_ASSET_PATHS = "\"demo/Preview Content\"";
				ENABLE_PREVIEWS = YES;
				GENERATE_INFOPLIST_FILE = YES;
				INFOPLIST_KEY_UIApplicationSceneManifest_Generation = YES;
				INFOPLIST_KEY_UIApplicationSupportsIndirectInputEvents = YES;
				INFOPLIST_KEY_UILaunchScreen_Generation = YES;
				INFOPLIST_KEY_UISupportedInterfaceOrientations_iPad = "UIInterfaceOrientationPortrait UIInterfaceOrientationPortraitUpsideDown UIInterfaceOrientationLandscapeLeft UIInterfaceOrientationLandscapeRight";
				INFOPLIST_KEY_UISupportedInterfaceOrientations_iPhone = "UIInterfaceOrientationPortrait UIInterfaceOrientationLandscapeLeft UIInterfaceOrientationLandscapeRight";
				LD_RUNPATH_SEARCH_PATHS = (
					"$(inherited)",
					"@executable_path/Frameworks",
				);
				MARKETING_VERSION = 1.0;
				PRODUCT_BUNDLE_IDENTIFIER = kevin.demo;
				PRODUCT_NAME = "$(TARGET_NAME)";
				SWIFT_EMIT_LOC_STRINGS = YES;
				SWIFT_VERSION = 5.0;
				TARGETED_DEVICE_FAMILY = "1,2";
			};
			name = Debug;
		};
		597D849929195F790016366C /* Release */ = {
			isa = XCBuildConfiguration;
			buildSettings = {
				ASSETCATALOG_COMPILER_APPICON_NAME = AppIcon;
				ASSETCATALOG_COMPILER_GLOBAL_ACCENT_COLOR_NAME = AccentColor;
				CODE_SIGN_STYLE = Automatic;
				CURRENT_PROJECT_VERSION = 1;
				DEVELOPMENT_ASSET_PATHS = "\"demo/Preview Content\"";
				ENABLE_PREVIEWS = YES;
				GENERATE_INFOPLIST_FILE = YES;
				INFOPLIST_KEY_UIApplicationSceneManifest_Generation = YES;
				INFOPLIST_KEY_UIApplicationSupportsIndirectInputEvents = YES;
				INFOPLIST_KEY_UILaunchScreen_Generation = YES;
				INFOPLIST_KEY_UISupportedInterfaceOrientations_iPad = "UIInterfaceOrientationPortrait UIInterfaceOrientationPortraitUpsideDown UIInterfaceOrientationLandscapeLeft UIInterfaceOrientationLandscapeRight";
				INFOPLIST_KEY_UISupportedInterfaceOrientations_iPhone = "UIInterfaceOrientationPortrait UIInterfaceOrientationLandscapeLeft UIInterfaceOrientationLandscapeRight";
				LD_RUNPATH_SEARCH_PATHS = (
					"$(inherited)",
					"@executable_path/Frameworks",
				);
				MARKETING_VERSION = 1.0;
				PRODUCT_BUNDLE_IDENTIFIER = kevin.demo;
				PRODUCT_NAME = "$(TARGET_NAME)";
				SWIFT_EMIT_LOC_STRINGS = YES;
				SWIFT_VERSION = 5.0;
				TARGETED_DEVICE_FAMILY = "1,2";
			};
			name = Release;
		};
		597D849B29195F790016366C /* Debug */ = {
			isa = XCBuildConfiguration;
			buildSettings = {
				ALWAYS_EMBED_SWIFT_STANDARD_LIBRARIES = YES;
				BUNDLE_LOADER = "$(TEST_HOST)";
				CODE_SIGN_STYLE = Automatic;
				CURRENT_PROJECT_VERSION = 1;
				GENERATE_INFOPLIST_FILE = YES;
				IPHONEOS_DEPLOYMENT_TARGET = 16.0;
				MARKETING_VERSION = 1.0;
				PRODUCT_BUNDLE_IDENTIFIER = kevin.demoTests;
				PRODUCT_NAME = "$(TARGET_NAME)";
				SWIFT_EMIT_LOC_STRINGS = NO;
				SWIFT_VERSION = 5.0;
				TARGETED_DEVICE_FAMILY = "1,2";
				TEST_HOST = "$(BUILT_PRODUCTS_DIR)/demo.app/$(BUNDLE_EXECUTABLE_FOLDER_PATH)/demo";
			};
			name = Debug;
		};
		597D849C29195F790016366C /* Release */ = {
			isa = XCBuildConfiguration;
			buildSettings = {
				ALWAYS_EMBED_SWIFT_STANDARD_LIBRARIES = YES;
				BUNDLE_LOADER = "$(TEST_HOST)";
				CODE_SIGN_STYLE = Automatic;
				CURRENT_PROJECT_VERSION = 1;
				GENERATE_INFOPLIST_FILE = YES;
				IPHONEOS_DEPLOYMENT_TARGET = 16.0;
				MARKETING_VERSION = 1.0;
				PRODUCT_BUNDLE_IDENTIFIER = kevin.demoTests;
				PRODUCT_NAME = "$(TARGET_NAME)";
				SWIFT_EMIT_LOC_STRINGS = NO;
				SWIFT_VERSION = 5.0;
				TARGETED_DEVICE_FAMILY = "1,2";
				TEST_HOST = "$(BUILT_PRODUCTS_DIR)/demo.app/$(BUNDLE_EXECUTABLE_FOLDER_PATH)/demo";
			};
			name = Release;
		};
		597D849E29195F790016366C /* Debug */ = {
			isa = XCBuildConfiguration;
			buildSettings = {
				ALWAYS_EMBED_SWIFT_STANDARD_LIBRARIES = YES;
				CODE_SIGN_STYLE = Automatic;
				CURRENT_PROJECT_VERSION = 1;
				GENERATE_INFOPLIST_FILE = YES;
				MARKETING_VERSION = 1.0;
				PRODUCT_BUNDLE_IDENTIFIER = kevin.demoUITests;
				PRODUCT_NAME = "$(TARGET_NAME)";
				SWIFT_EMIT_LOC_STRINGS = NO;
				SWIFT_VERSION = 5.0;
				TARGETED_DEVICE_FAMILY = "1,2";
				TEST_TARGET_NAME = demo;
			};
			name = Debug;
		};
		597D849F29195F790016366C /* Release */ = {
			isa = XCBuildConfiguration;
			buildSettings = {
				ALWAYS_EMBED_SWIFT_STANDARD_LIBRARIES = YES;
				CODE_SIGN_STYLE = Automatic;
				CURRENT_PROJECT_VERSION = 1;
				GENERATE_INFOPLIST_FILE = YES;
				MARKETING_VERSION = 1.0;
				PRODUCT_BUNDLE_IDENTIFIER = kevin.demoUITests;
				PRODUCT_NAME = "$(TARGET_NAME)";
				SWIFT_EMIT_LOC_STRINGS = NO;
				SWIFT_VERSION = 5.0;
				TARGETED_DEVICE_FAMILY = "1,2";
				TEST_TARGET_NAME = demo;
			};
			name = Release;
		};
/* End XCBuildConfiguration section */

/* Begin XCConfigurationList section */
		597D846E29195F780016366C /* Build configuration list for PBXProject "demo" */ = {
			isa = XCConfigurationList;
			buildConfigurations = (
				597D849529195F790016366C /* Debug */,
				597D849629195F790016366C /* Release */,
			);
			defaultConfigurationIsVisible = 0;
			defaultConfigurationName = Release;
		};
		597D849729195F790016366C /* Build configuration list for PBXNativeTarget "demo" */ = {
			isa = XCConfigurationList;
			buildConfigurations = (
				597D849829195F790016366C /* Debug */,
				597D849929195F790016366C /* Release */,
			);
			defaultConfigurationIsVisible = 0;
			defaultConfigurationName = Release;
		};
		597D849A29195F790016366C /* Build configuration list for PBXNativeTarget "demoTests" */ = {
			isa = XCConfigurationList;
			buildConfigurations = (
				597D849B29195F790016366C /* Debug */,
				597D849C29195F790016366C /* Release */,
			);
			defaultConfigurationIsVisible = 0;
			defaultConfigurationName = Release;
		};
		597D849D29195F790016366C /* Build configuration list for PBXNativeTarget "demoUITests" */ = {
			isa = XCConfigurationList;
			buildConfigurations = (
				597D849E29195F790016366C /* Debug */,
				597D849F29195F790016366C /* Release */,
			);
			defaultConfigurationIsVisible = 0;
			defaultConfigurationName = Release;
		};
/* End XCConfigurationList section */
	};
	rootObject = 597D846B29195F780016366C /* Project object */;
}
